// !$*UTF8*$!
{
	archiveVersion = 1;
	classes = {
	};
	objectVersion = 56;
	objects = {

/* Begin PBXBuildFile section */
		1E1FE61D2ABFF5860071E0E0 /* ShimmerEffect.swift in Sources */ = {isa = PBXBuildFile; fileRef = 1E1FE61C2ABFF5860071E0E0 /* ShimmerEffect.swift */; };
		1E9D78122ABFD15700B24F11 /* ActivityIndicatorView.swift in Sources */ = {isa = PBXBuildFile; fileRef = 1E9D78112ABFD15700B24F11 /* ActivityIndicatorView.swift */; };
		1E9D78142ABFD24E00B24F11 /* LoadMoreButtonView.swift in Sources */ = {isa = PBXBuildFile; fileRef = 1E9D78132ABFD24E00B24F11 /* LoadMoreButtonView.swift */; };
		1E9D78162ABFD41B00B24F11 /* SwitchColumnView.swift in Sources */ = {isa = PBXBuildFile; fileRef = 1E9D78152ABFD41B00B24F11 /* SwitchColumnView.swift */; };
		1EA0CC842AB4660000CB4394 /* HomeView.swift in Sources */ = {isa = PBXBuildFile; fileRef = 1EA0CC832AB4660000CB4394 /* HomeView.swift */; };
		1EA0CC862AB4660A00CB4394 /* SearchView.swift in Sources */ = {isa = PBXBuildFile; fileRef = 1EA0CC852AB4660A00CB4394 /* SearchView.swift */; };
		1EA0CC892AB4672300CB4394 /* View_Ext.swift in Sources */ = {isa = PBXBuildFile; fileRef = 1EA0CC882AB4672300CB4394 /* View_Ext.swift */; };
		1EADEA752AB1E04F00FAA769 /* iSplashApp.swift in Sources */ = {isa = PBXBuildFile; fileRef = 1EADEA742AB1E04F00FAA769 /* iSplashApp.swift */; };
		1EADEA772AB1E04F00FAA769 /* ContentView.swift in Sources */ = {isa = PBXBuildFile; fileRef = 1EADEA762AB1E04F00FAA769 /* ContentView.swift */; };
		1EADEA792AB1E05000FAA769 /* Assets.xcassets in Resources */ = {isa = PBXBuildFile; fileRef = 1EADEA782AB1E05000FAA769 /* Assets.xcassets */; };
		1EADEA7C2AB1E05000FAA769 /* Preview Assets.xcassets in Resources */ = {isa = PBXBuildFile; fileRef = 1EADEA7B2AB1E05000FAA769 /* Preview Assets.xcassets */; };
		1EADEA832AB1E49500FAA769 /* APIService.swift in Sources */ = {isa = PBXBuildFile; fileRef = 1EADEA822AB1E49500FAA769 /* APIService.swift */; };
		1EADEA862AB1E80500FAA769 /* Page.swift in Sources */ = {isa = PBXBuildFile; fileRef = 1EADEA852AB1E80500FAA769 /* Page.swift */; };
		1EADEA882AB1E81A00FAA769 /* Photo.swift in Sources */ = {isa = PBXBuildFile; fileRef = 1EADEA872AB1E81A00FAA769 /* Photo.swift */; };
		1EBCA05F2AB7856C00E97CC2 /* SearchResult.swift in Sources */ = {isa = PBXBuildFile; fileRef = 1EBCA05E2AB7856C00E97CC2 /* SearchResult.swift */; };
/* End PBXBuildFile section */

/* Begin PBXFileReference section */
		1E1FE61C2ABFF5860071E0E0 /* ShimmerEffect.swift */ = {isa = PBXFileReference; lastKnownFileType = sourcecode.swift; path = ShimmerEffect.swift; sourceTree = "<group>"; };
		1E9D78112ABFD15700B24F11 /* ActivityIndicatorView.swift */ = {isa = PBXFileReference; lastKnownFileType = sourcecode.swift; path = ActivityIndicatorView.swift; sourceTree = "<group>"; };
		1E9D78132ABFD24E00B24F11 /* LoadMoreButtonView.swift */ = {isa = PBXFileReference; lastKnownFileType = sourcecode.swift; path = LoadMoreButtonView.swift; sourceTree = "<group>"; };
		1E9D78152ABFD41B00B24F11 /* SwitchColumnView.swift */ = {isa = PBXFileReference; lastKnownFileType = sourcecode.swift; path = SwitchColumnView.swift; sourceTree = "<group>"; };
		1EA0CC832AB4660000CB4394 /* HomeView.swift */ = {isa = PBXFileReference; lastKnownFileType = sourcecode.swift; path = HomeView.swift; sourceTree = "<group>"; };
		1EA0CC852AB4660A00CB4394 /* SearchView.swift */ = {isa = PBXFileReference; lastKnownFileType = sourcecode.swift; path = SearchView.swift; sourceTree = "<group>"; };
		1EA0CC882AB4672300CB4394 /* View_Ext.swift */ = {isa = PBXFileReference; lastKnownFileType = sourcecode.swift; path = View_Ext.swift; sourceTree = "<group>"; };
		1EADEA712AB1E04F00FAA769 /* iSplash.app */ = {isa = PBXFileReference; explicitFileType = wrapper.application; includeInIndex = 0; path = iSplash.app; sourceTree = BUILT_PRODUCTS_DIR; };
		1EADEA742AB1E04F00FAA769 /* iSplashApp.swift */ = {isa = PBXFileReference; lastKnownFileType = sourcecode.swift; path = iSplashApp.swift; sourceTree = "<group>"; };
		1EADEA762AB1E04F00FAA769 /* ContentView.swift */ = {isa = PBXFileReference; lastKnownFileType = sourcecode.swift; path = ContentView.swift; sourceTree = "<group>"; };
		1EADEA782AB1E05000FAA769 /* Assets.xcassets */ = {isa = PBXFileReference; lastKnownFileType = folder.assetcatalog; path = Assets.xcassets; sourceTree = "<group>"; };
		1EADEA7B2AB1E05000FAA769 /* Preview Assets.xcassets */ = {isa = PBXFileReference; lastKnownFileType = folder.assetcatalog; path = "Preview Assets.xcassets"; sourceTree = "<group>"; };
		1EADEA822AB1E49500FAA769 /* APIService.swift */ = {isa = PBXFileReference; lastKnownFileType = sourcecode.swift; path = APIService.swift; sourceTree = "<group>"; };
		1EADEA852AB1E80500FAA769 /* Page.swift */ = {isa = PBXFileReference; lastKnownFileType = sourcecode.swift; path = Page.swift; sourceTree = "<group>"; };
		1EADEA872AB1E81A00FAA769 /* Photo.swift */ = {isa = PBXFileReference; lastKnownFileType = sourcecode.swift; path = Photo.swift; sourceTree = "<group>"; };
		1EBCA05E2AB7856C00E97CC2 /* SearchResult.swift */ = {isa = PBXFileReference; lastKnownFileType = sourcecode.swift; path = SearchResult.swift; sourceTree = "<group>"; };
/* End PBXFileReference section */

/* Begin PBXFrameworksBuildPhase section */
		1EADEA6E2AB1E04F00FAA769 /* Frameworks */ = {
			isa = PBXFrameworksBuildPhase;
			buildActionMask = 2147483647;
			files = (
			);
			runOnlyForDeploymentPostprocessing = 0;
		};
/* End PBXFrameworksBuildPhase section */

/* Begin PBXGroup section */
		1EA0CC822AB465E800CB4394 /* Views */ = {
			isa = PBXGroup;
			children = (
				1EADEA762AB1E04F00FAA769 /* ContentView.swift */,
				1EA0CC832AB4660000CB4394 /* HomeView.swift */,
				1EA0CC852AB4660A00CB4394 /* SearchView.swift */,
				1E9D78112ABFD15700B24F11 /* ActivityIndicatorView.swift */,
				1E9D78132ABFD24E00B24F11 /* LoadMoreButtonView.swift */,
				1E9D78152ABFD41B00B24F11 /* SwitchColumnView.swift */,
				1E1FE61C2ABFF5860071E0E0 /* ShimmerEffect.swift */,
			);
			path = Views;
			sourceTree = "<group>";
		};
		1EA0CC872AB4671400CB4394 /* Extensions */ = {
			isa = PBXGroup;
			children = (
				1EA0CC882AB4672300CB4394 /* View_Ext.swift */,
			);
			path = Extensions;
			sourceTree = "<group>";
		};
		1EADEA682AB1E04F00FAA769 = {
			isa = PBXGroup;
			children = (
				1EADEA732AB1E04F00FAA769 /* iSplash */,
				1EADEA722AB1E04F00FAA769 /* Products */,
			);
			sourceTree = "<group>";
		};
		1EADEA722AB1E04F00FAA769 /* Products */ = {
			isa = PBXGroup;
			children = (
				1EADEA712AB1E04F00FAA769 /* iSplash.app */,
			);
			name = Products;
			sourceTree = "<group>";
		};
		1EADEA732AB1E04F00FAA769 /* iSplash */ = {
			isa = PBXGroup;
			children = (
				1EA0CC872AB4671400CB4394 /* Extensions */,
				1EA0CC822AB465E800CB4394 /* Views */,
				1EADEA842AB1E79600FAA769 /* Model */,
				1EADEA742AB1E04F00FAA769 /* iSplashApp.swift */,
				1EADEA822AB1E49500FAA769 /* APIService.swift */,
				1EADEA782AB1E05000FAA769 /* Assets.xcassets */,
				1EADEA7A2AB1E05000FAA769 /* Preview Content */,
			);
			path = iSplash;
			sourceTree = "<group>";
		};
		1EADEA7A2AB1E05000FAA769 /* Preview Content */ = {
			isa = PBXGroup;
			children = (
				1EADEA7B2AB1E05000FAA769 /* Preview Assets.xcassets */,
			);
			path = "Preview Content";
			sourceTree = "<group>";
		};
		1EADEA842AB1E79600FAA769 /* Model */ = {
			isa = PBXGroup;
			children = (
				1EADEA852AB1E80500FAA769 /* Page.swift */,
				1EBCA05E2AB7856C00E97CC2 /* SearchResult.swift */,
				1EADEA872AB1E81A00FAA769 /* Photo.swift */,
			);
			path = Model;
			sourceTree = "<group>";
		};
/* End PBXGroup section */

/* Begin PBXNativeTarget section */
		1EADEA702AB1E04F00FAA769 /* iSplash */ = {
			isa = PBXNativeTarget;
			buildConfigurationList = 1EADEA7F2AB1E05000FAA769 /* Build configuration list for PBXNativeTarget "iSplash" */;
			buildPhases = (
				1EADEA6D2AB1E04F00FAA769 /* Sources */,
				1EADEA6E2AB1E04F00FAA769 /* Frameworks */,
				1EADEA6F2AB1E04F00FAA769 /* Resources */,
			);
			buildRules = (
			);
			dependencies = (
			);
			name = iSplash;
			productName = iSplash;
			productReference = 1EADEA712AB1E04F00FAA769 /* iSplash.app */;
			productType = "com.apple.product-type.application";
		};
/* End PBXNativeTarget section */

/* Begin PBXProject section */
		1EADEA692AB1E04F00FAA769 /* Project object */ = {
			isa = PBXProject;
			attributes = {
				BuildIndependentTargetsInParallel = 1;
				LastSwiftUpdateCheck = 1430;
				LastUpgradeCheck = 1430;
				TargetAttributes = {
					1EADEA702AB1E04F00FAA769 = {
						CreatedOnToolsVersion = 14.3.1;
					};
				};
			};
			buildConfigurationList = 1EADEA6C2AB1E04F00FAA769 /* Build configuration list for PBXProject "iSplash" */;
			compatibilityVersion = "Xcode 14.0";
			developmentRegion = en;
			hasScannedForEncodings = 0;
			knownRegions = (
				en,
				Base,
			);
			mainGroup = 1EADEA682AB1E04F00FAA769;
			productRefGroup = 1EADEA722AB1E04F00FAA769 /* Products */;
			projectDirPath = "";
			projectRoot = "";
			targets = (
				1EADEA702AB1E04F00FAA769 /* iSplash */,
			);
		};
/* End PBXProject section */

/* Begin PBXResourcesBuildPhase section */
		1EADEA6F2AB1E04F00FAA769 /* Resources */ = {
			isa = PBXResourcesBuildPhase;
			buildActionMask = 2147483647;
			files = (
				1EADEA7C2AB1E05000FAA769 /* Preview Assets.xcassets in Resources */,
				1EADEA792AB1E05000FAA769 /* Assets.xcassets in Resources */,
			);
			runOnlyForDeploymentPostprocessing = 0;
		};
/* End PBXResourcesBuildPhase section */

/* Begin PBXSourcesBuildPhase section */
		1EADEA6D2AB1E04F00FAA769 /* Sources */ = {
			isa = PBXSourcesBuildPhase;
			buildActionMask = 2147483647;
			files = (
				1E9D78162ABFD41B00B24F11 /* SwitchColumnView.swift in Sources */,
				1EADEA772AB1E04F00FAA769 /* ContentView.swift in Sources */,
				1E1FE61D2ABFF5860071E0E0 /* ShimmerEffect.swift in Sources */,
				1E9D78122ABFD15700B24F11 /* ActivityIndicatorView.swift in Sources */,
				1EA0CC842AB4660000CB4394 /* HomeView.swift in Sources */,
				1EBCA05F2AB7856C00E97CC2 /* SearchResult.swift in Sources */,
				1E9D78142ABFD24E00B24F11 /* LoadMoreButtonView.swift in Sources */,
				1EA0CC892AB4672300CB4394 /* View_Ext.swift in Sources */,
				1EADEA832AB1E49500FAA769 /* APIService.swift in Sources */,
				1EADEA862AB1E80500FAA769 /* Page.swift in Sources */,
				1EA0CC862AB4660A00CB4394 /* SearchView.swift in Sources */,
				1EADEA752AB1E04F00FAA769 /* iSplashApp.swift in Sources */,
				1EADEA882AB1E81A00FAA769 /* Photo.swift in Sources */,
			);
			runOnlyForDeploymentPostprocessing = 0;
		};
/* End PBXSourcesBuildPhase section */

/* Begin XCBuildConfiguration section */
		1EADEA7D2AB1E05000FAA769 /* Debug */ = {
			isa = XCBuildConfiguration;
			buildSettings = {
				ALWAYS_SEARCH_USER_PATHS = NO;
				CLANG_ANALYZER_NONNULL = YES;
				CLANG_ANALYZER_NUMBER_OBJECT_CONVERSION = YES_AGGRESSIVE;
				CLANG_CXX_LANGUAGE_STANDARD = "gnu++20";
				CLANG_ENABLE_MODULES = YES;
				CLANG_ENABLE_OBJC_ARC = YES;
				CLANG_ENABLE_OBJC_WEAK = YES;
				CLANG_WARN_BLOCK_CAPTURE_AUTORELEASING = YES;
				CLANG_WARN_BOOL_CONVERSION = YES;
				CLANG_WARN_COMMA = YES;
				CLANG_WARN_CONSTANT_CONVERSION = YES;
				CLANG_WARN_DEPRECATED_OBJC_IMPLEMENTATIONS = YES;
				CLANG_WARN_DIRECT_OBJC_ISA_USAGE = YES_ERROR;
				CLANG_WARN_DOCUMENTATION_COMMENTS = YES;
				CLANG_WARN_EMPTY_BODY = YES;
				CLANG_WARN_ENUM_CONVERSION = YES;
				CLANG_WARN_INFINITE_RECURSION = YES;
				CLANG_WARN_INT_CONVERSION = YES;
				CLANG_WARN_NON_LITERAL_NULL_CONVERSION = YES;
				CLANG_WARN_OBJC_IMPLICIT_RETAIN_SELF = YES;
				CLANG_WARN_OBJC_LITERAL_CONVERSION = YES;
				CLANG_WARN_OBJC_ROOT_CLASS = YES_ERROR;
				CLANG_WARN_QUOTED_INCLUDE_IN_FRAMEWORK_HEADER = YES;
				CLANG_WARN_RANGE_LOOP_ANALYSIS = YES;
				CLANG_WARN_STRICT_PROTOTYPES = YES;
				CLANG_WARN_SUSPICIOUS_MOVE = YES;
				CLANG_WARN_UNGUARDED_AVAILABILITY = YES_AGGRESSIVE;
				CLANG_WARN_UNREACHABLE_CODE = YES;
				CLANG_WARN__DUPLICATE_METHOD_MATCH = YES;
				COPY_PHASE_STRIP = NO;
				DEBUG_INFORMATION_FORMAT = dwarf;
				ENABLE_STRICT_OBJC_MSGSEND = YES;
				ENABLE_TESTABILITY = YES;
				GCC_C_LANGUAGE_STANDARD = gnu11;
				GCC_DYNAMIC_NO_PIC = NO;
				GCC_NO_COMMON_BLOCKS = YES;
				GCC_OPTIMIZATION_LEVEL = 0;
				GCC_PREPROCESSOR_DEFINITIONS = (
					"DEBUG=1",
					"$(inherited)",
				);
				GCC_WARN_64_TO_32_BIT_CONVERSION = YES;
				GCC_WARN_ABOUT_RETURN_TYPE = YES_ERROR;
				GCC_WARN_UNDECLARED_SELECTOR = YES;
				GCC_WARN_UNINITIALIZED_AUTOS = YES_AGGRESSIVE;
				GCC_WARN_UNUSED_FUNCTION = YES;
				GCC_WARN_UNUSED_VARIABLE = YES;
				IPHONEOS_DEPLOYMENT_TARGET = 16.4;
				MTL_ENABLE_DEBUG_INFO = INCLUDE_SOURCE;
				MTL_FAST_MATH = YES;
				ONLY_ACTIVE_ARCH = YES;
				SDKROOT = iphoneos;
				SWIFT_ACTIVE_COMPILATION_CONDITIONS = DEBUG;
				SWIFT_OPTIMIZATION_LEVEL = "-Onone";
			};
			name = Debug;
		};
		1EADEA7E2AB1E05000FAA769 /* Release */ = {
			isa = XCBuildConfiguration;
			buildSettings = {
				ALWAYS_SEARCH_USER_PATHS = NO;
				CLANG_ANALYZER_NONNULL = YES;
				CLANG_ANALYZER_NUMBER_OBJECT_CONVERSION = YES_AGGRESSIVE;
				CLANG_CXX_LANGUAGE_STANDARD = "gnu++20";
				CLANG_ENABLE_MODULES = YES;
				CLANG_ENABLE_OBJC_ARC = YES;
				CLANG_ENABLE_OBJC_WEAK = YES;
				CLANG_WARN_BLOCK_CAPTURE_AUTORELEASING = YES;
				CLANG_WARN_BOOL_CONVERSION = YES;
				CLANG_WARN_COMMA = YES;
				CLANG_WARN_CONSTANT_CONVERSION = YES;
				CLANG_WARN_DEPRECATED_OBJC_IMPLEMENTATIONS = YES;
				CLANG_WARN_DIRECT_OBJC_ISA_USAGE = YES_ERROR;
				CLANG_WARN_DOCUMENTATION_COMMENTS = YES;
				CLANG_WARN_EMPTY_BODY = YES;
				CLANG_WARN_ENUM_CONVERSION = YES;
				CLANG_WARN_INFINITE_RECURSION = YES;
				CLANG_WARN_INT_CONVERSION = YES;
				CLANG_WARN_NON_LITERAL_NULL_CONVERSION = YES;
				CLANG_WARN_OBJC_IMPLICIT_RETAIN_SELF = YES;
				CLANG_WARN_OBJC_LITERAL_CONVERSION = YES;
				CLANG_WARN_OBJC_ROOT_CLASS = YES_ERROR;
				CLANG_WARN_QUOTED_INCLUDE_IN_FRAMEWORK_HEADER = YES;
				CLANG_WARN_RANGE_LOOP_ANALYSIS = YES;
				CLANG_WARN_STRICT_PROTOTYPES = YES;
				CLANG_WARN_SUSPICIOUS_MOVE = YES;
				CLANG_WARN_UNGUARDED_AVAILABILITY = YES_AGGRESSIVE;
				CLANG_WARN_UNREACHABLE_CODE = YES;
				CLANG_WARN__DUPLICATE_METHOD_MATCH = YES;
				COPY_PHASE_STRIP = NO;
				DEBUG_INFORMATION_FORMAT = "dwarf-with-dsym";
				ENABLE_NS_ASSERTIONS = NO;
				ENABLE_STRICT_OBJC_MSGSEND = YES;
				GCC_C_LANGUAGE_STANDARD = gnu11;
				GCC_NO_COMMON_BLOCKS = YES;
				GCC_WARN_64_TO_32_BIT_CONVERSION = YES;
				GCC_WARN_ABOUT_RETURN_TYPE = YES_ERROR;
				GCC_WARN_UNDECLARED_SELECTOR = YES;
				GCC_WARN_UNINITIALIZED_AUTOS = YES_AGGRESSIVE;
				GCC_WARN_UNUSED_FUNCTION = YES;
				GCC_WARN_UNUSED_VARIABLE = YES;
				IPHONEOS_DEPLOYMENT_TARGET = 16.4;
				MTL_ENABLE_DEBUG_INFO = NO;
				MTL_FAST_MATH = YES;
				SDKROOT = iphoneos;
				SWIFT_COMPILATION_MODE = wholemodule;
				SWIFT_OPTIMIZATION_LEVEL = "-O";
				VALIDATE_PRODUCT = YES;
			};
			name = Release;
		};
		1EADEA802AB1E05000FAA769 /* Debug */ = {
			isa = XCBuildConfiguration;
			buildSettings = {
				ASSETCATALOG_COMPILER_APPICON_NAME = AppIcon;
				ASSETCATALOG_COMPILER_GLOBAL_ACCENT_COLOR_NAME = AccentColor;
				CODE_SIGN_STYLE = Automatic;
				CURRENT_PROJECT_VERSION = 1;
				DEVELOPMENT_ASSET_PATHS = "\"iSplash/Preview Content\"";
				DEVELOPMENT_TEAM = 9YZLL4F975;
				ENABLE_PREVIEWS = YES;
				GENERATE_INFOPLIST_FILE = YES;
				INFOPLIST_KEY_UIApplicationSceneManifest_Generation = YES;
				INFOPLIST_KEY_UIApplicationSupportsIndirectInputEvents = YES;
				INFOPLIST_KEY_UILaunchScreen_Generation = YES;
				INFOPLIST_KEY_UISupportedInterfaceOrientations_iPad = "UIInterfaceOrientationPortrait UIInterfaceOrientationPortraitUpsideDown UIInterfaceOrientationLandscapeLeft UIInterfaceOrientationLandscapeRight";
				INFOPLIST_KEY_UISupportedInterfaceOrientations_iPhone = "UIInterfaceOrientationPortrait UIInterfaceOrientationLandscapeLeft UIInterfaceOrientationLandscapeRight";
				LD_RUNPATH_SEARCH_PATHS = (
					"$(inherited)",
					"@executable_path/Frameworks",
				);
				MARKETING_VERSION = 1.0;
				PRODUCT_BUNDLE_IDENTIFIER = AY.iSplash;
				PRODUCT_NAME = "$(TARGET_NAME)";
				SWIFT_EMIT_LOC_STRINGS = YES;
				SWIFT_VERSION = 5.0;
				TARGETED_DEVICE_FAMILY = "1,2";
			};
			name = Debug;
		};
		1EADEA812AB1E05000FAA769 /* Release */ = {
			isa = XCBuildConfiguration;
			buildSettings = {
				ASSETCATALOG_COMPILER_APPICON_NAME = AppIcon;
				ASSETCATALOG_COMPILER_GLOBAL_ACCENT_COLOR_NAME = AccentColor;
				CODE_SIGN_STYLE = Automatic;
				CURRENT_PROJECT_VERSION = 1;
				DEVELOPMENT_ASSET_PATHS = "\"iSplash/Preview Content\"";
				DEVELOPMENT_TEAM = 9YZLL4F975;
				ENABLE_PREVIEWS = YES;
				GENERATE_INFOPLIST_FILE = YES;
				INFOPLIST_KEY_UIApplicationSceneManifest_Generation = YES;
				INFOPLIST_KEY_UIApplicationSupportsIndirectInputEvents = YES;
				INFOPLIST_KEY_UILaunchScreen_Generation = YES;
				INFOPLIST_KEY_UISupportedInterfaceOrientations_iPad = "UIInterfaceOrientationPortrait UIInterfaceOrientationPortraitUpsideDown UIInterfaceOrientationLandscapeLeft UIInterfaceOrientationLandscapeRight";
				INFOPLIST_KEY_UISupportedInterfaceOrientations_iPhone = "UIInterfaceOrientationPortrait UIInterfaceOrientationLandscapeLeft UIInterfaceOrientationLandscapeRight";
				LD_RUNPATH_SEARCH_PATHS = (
					"$(inherited)",
					"@executable_path/Frameworks",
				);
				MARKETING_VERSION = 1.0;
				PRODUCT_BUNDLE_IDENTIFIER = AY.iSplash;
				PRODUCT_NAME = "$(TARGET_NAME)";
				SWIFT_EMIT_LOC_STRINGS = YES;
				SWIFT_VERSION = 5.0;
				TARGETED_DEVICE_FAMILY = "1,2";
			};
			name = Release;
		};
/* End XCBuildConfiguration section */

/* Begin XCConfigurationList section */
		1EADEA6C2AB1E04F00FAA769 /* Build configuration list for PBXProject "iSplash" */ = {
			isa = XCConfigurationList;
			buildConfigurations = (
				1EADEA7D2AB1E05000FAA769 /* Debug */,
				1EADEA7E2AB1E05000FAA769 /* Release */,
			);
			defaultConfigurationIsVisible = 0;
			defaultConfigurationName = Release;
		};
		1EADEA7F2AB1E05000FAA769 /* Build configuration list for PBXNativeTarget "iSplash" */ = {
			isa = XCConfigurationList;
			buildConfigurations = (
				1EADEA802AB1E05000FAA769 /* Debug */,
				1EADEA812AB1E05000FAA769 /* Release */,
			);
			defaultConfigurationIsVisible = 0;
			defaultConfigurationName = Release;
		};
/* End XCConfigurationList section */
	};
	rootObject = 1EADEA692AB1E04F00FAA769 /* Project object */;
}
